
Microsoft Visual Studio Solution File, Format Version 12.00
# Visual Studio Version 17
VisualStudioVersion = 17.7.34031.279
MinimumVisualStudioVersion = 10.0.40219.1
Project("{FAE04EC0-301F-11D3-BF4B-00C04F79EFBC}") = "c-project-mastermind-1-pe-Youssef-Mahtar", "c-project-mastermind-1-pe-Youssef-Mahtar.csproj", "{3F102C4E-824E-4A66-AB5A-E3CEB70179EE}"
EndProject
Global
	GlobalSection(SolutionConfigurationPlatforms) = preSolution
		Debug|Any CPU = Debug|Any CPU
		Release|Any CPU = Release|Any CPU
	EndGlobalSection
	GlobalSection(ProjectConfigurationPlatforms) = postSolution
		{3F102C4E-824E-4A66-AB5A-E3CEB70179EE}.Debug|Any CPU.ActiveCfg = Debug|Any CPU
		{3F102C4E-824E-4A66-AB5A-E3CEB70179EE}.Debug|Any CPU.Build.0 = Debug|Any CPU
		{3F102C4E-824E-4A66-AB5A-E3CEB70179EE}.Release|Any CPU.ActiveCfg = Release|Any CPU
		{3F102C4E-824E-4A66-AB5A-E3CEB70179EE}.Release|Any CPU.Build.0 = Release|Any CPU
	EndGlobalSection
	GlobalSection(SolutionProperties) = preSolution
		HideSolutionNode = FALSE
	EndGlobalSection
	GlobalSection(ExtensibilityGlobals) = postSolution
		SolutionGuid = {32DBDCCC-4F0E-4CA3-A1F8-2B2AAEFAF4B6}
	EndGlobalSection
EndGlobal
